// !$*UTF8*$!
{
	archiveVersion = 1;
	classes = {
	};
	objectVersion = 46;
	objects = {

/* Begin PBXBuildFile section */
		4105B42D1CFD779400A0EB2A /* UIButton+Extension.m in Sources */ = {isa = PBXBuildFile; fileRef = 4105B42C1CFD779400A0EB2A /* UIButton+Extension.m */; };
		4105B4301CFD780200A0EB2A /* MasonyUtil.m in Sources */ = {isa = PBXBuildFile; fileRef = 4105B42F1CFD780200A0EB2A /* MasonyUtil.m */; };
		4105B4351CFD7B1F00A0EB2A /* 图标-22.png in Resources */ = {isa = PBXBuildFile; fileRef = 4105B4341CFD7B1F00A0EB2A /* 图标-22.png */; };
		4105B43C1CFD7B3100A0EB2A /* 图标-23.png in Resources */ = {isa = PBXBuildFile; fileRef = 4105B4361CFD7B3100A0EB2A /* 图标-23.png */; };
		4105B43D1CFD7B3100A0EB2A /* 图标-24.png in Resources */ = {isa = PBXBuildFile; fileRef = 4105B4371CFD7B3100A0EB2A /* 图标-24.png */; };
		4105B43E1CFD7B3100A0EB2A /* 图标-25.png in Resources */ = {isa = PBXBuildFile; fileRef = 4105B4381CFD7B3100A0EB2A /* 图标-25.png */; };
		4105B43F1CFD7B3100A0EB2A /* 图标-28.png in Resources */ = {isa = PBXBuildFile; fileRef = 4105B4391CFD7B3100A0EB2A /* 图标-28.png */; };
		4105B4401CFD7B3100A0EB2A /* 图标-29.png in Resources */ = {isa = PBXBuildFile; fileRef = 4105B43A1CFD7B3100A0EB2A /* 图标-29.png */; };
		4105B4411CFD7B3100A0EB2A /* 图标-30.png in Resources */ = {isa = PBXBuildFile; fileRef = 4105B43B1CFD7B3100A0EB2A /* 图标-30.png */; };
		4105B4441CFD7C4D00A0EB2A /* LFHButton.m in Sources */ = {isa = PBXBuildFile; fileRef = 4105B4431CFD7C4D00A0EB2A /* LFHButton.m */; };
		4105B4471CFD7F7800A0EB2A /* UIImage+Extension.m in Sources */ = {isa = PBXBuildFile; fileRef = 4105B4461CFD7F7800A0EB2A /* UIImage+Extension.m */; };
		41BB4F361CF6A34B00BD6A97 /* main.m in Sources */ = {isa = PBXBuildFile; fileRef = 41BB4F351CF6A34B00BD6A97 /* main.m */; };
		41BB4F391CF6A34B00BD6A97 /* AppDelegate.m in Sources */ = {isa = PBXBuildFile; fileRef = 41BB4F381CF6A34B00BD6A97 /* AppDelegate.m */; };
		41BB4F3F1CF6A34B00BD6A97 /* Main.storyboard in Resources */ = {isa = PBXBuildFile; fileRef = 41BB4F3D1CF6A34B00BD6A97 /* Main.storyboard */; };
		41BB4F411CF6A34B00BD6A97 /* Assets.xcassets in Resources */ = {isa = PBXBuildFile; fileRef = 41BB4F401CF6A34B00BD6A97 /* Assets.xcassets */; };
		41BB4F441CF6A34B00BD6A97 /* LaunchScreen.storyboard in Resources */ = {isa = PBXBuildFile; fileRef = 41BB4F421CF6A34B00BD6A97 /* LaunchScreen.storyboard */; };
		41BB4F4F1CF6A34B00BD6A97 /* LoveFlyHomeTests.m in Sources */ = {isa = PBXBuildFile; fileRef = 41BB4F4E1CF6A34B00BD6A97 /* LoveFlyHomeTests.m */; };
		41BB4F5A1CF6A34B00BD6A97 /* LoveFlyHomeUITests.m in Sources */ = {isa = PBXBuildFile; fileRef = 41BB4F591CF6A34B00BD6A97 /* LoveFlyHomeUITests.m */; };
		41C4DFD91CFD2C4700ABDDE0 /* FLTabBarController.m in Sources */ = {isa = PBXBuildFile; fileRef = 41C4DFD21CFD2C4700ABDDE0 /* FLTabBarController.m */; };
		41C4DFDA1CFD2C4700ABDDE0 /* BaseViewController.m in Sources */ = {isa = PBXBuildFile; fileRef = 41C4DFD41CFD2C4700ABDDE0 /* BaseViewController.m */; };
		41C4DFDB1CFD2C4700ABDDE0 /* SelectedViewController.m in Sources */ = {isa = PBXBuildFile; fileRef = 41C4DFD61CFD2C4700ABDDE0 /* SelectedViewController.m */; };
		41C4DFDC1CFD2C4700ABDDE0 /* FLNavigationController.m in Sources */ = {isa = PBXBuildFile; fileRef = 41C4DFD81CFD2C4700ABDDE0 /* FLNavigationController.m */; };
		41C4DFDF1CFD2C6500ABDDE0 /* FLHomeSearchBar.m in Sources */ = {isa = PBXBuildFile; fileRef = 41C4DFDE1CFD2C6500ABDDE0 /* FLHomeSearchBar.m */; };
		41C4DFE21CFD2C8700ABDDE0 /* FLCartViewController.m in Sources */ = {isa = PBXBuildFile; fileRef = 41C4DFE11CFD2C8700ABDDE0 /* FLCartViewController.m */; };
		41C4DFE51CFD2C9800ABDDE0 /* FLHomeViewController.m in Sources */ = {isa = PBXBuildFile; fileRef = 41C4DFE41CFD2C9800ABDDE0 /* FLHomeViewController.m */; };
		41C4DFE91CFD2CB100ABDDE0 /* FLMineCenterViewController.m in Sources */ = {isa = PBXBuildFile; fileRef = 41C4DFE71CFD2CB100ABDDE0 /* FLMineCenterViewController.m */; };
		41C4DFF71CFD58A300ABDDE0 /* LFHRushFoodCell.m in Sources */ = {isa = PBXBuildFile; fileRef = 41C4DFF51CFD58A300ABDDE0 /* LFHRushFoodCell.m */; };
		41C4DFF81CFD58A300ABDDE0 /* LFHRushFoodCell.xib in Resources */ = {isa = PBXBuildFile; fileRef = 41C4DFF61CFD58A300ABDDE0 /* LFHRushFoodCell.xib */; };
		41C4DFFB1CFD599300ABDDE0 /* maodou.png in Resources */ = {isa = PBXBuildFile; fileRef = 41C4DFF91CFD599300ABDDE0 /* maodou.png */; };
		41C4DFFC1CFD599300ABDDE0 /* shengnvguo.png in Resources */ = {isa = PBXBuildFile; fileRef = 41C4DFFA1CFD599300ABDDE0 /* shengnvguo.png */; };
		41C4DFFF1CFD63B800ABDDE0 /* LFHRippleButton.m in Sources */ = {isa = PBXBuildFile; fileRef = 41C4DFFE1CFD63B800ABDDE0 /* LFHRippleButton.m */; };
		41D655091CF6E9DF00B1D268 /* 日福莱-02.jpg in Resources */ = {isa = PBXBuildFile; fileRef = 41D655081CF6E9DF00B1D268 /* 日福莱-02.jpg */; };
		41D655261CF6F12B00B1D268 /* FLHClassifyPageCtrl.m in Sources */ = {isa = PBXBuildFile; fileRef = 41D655251CF6F12B00B1D268 /* FLHClassifyPageCtrl.m */; };
		41DB3A541CF7E547006AD810 /* UIBarButtonItem+Extension.m in Sources */ = {isa = PBXBuildFile; fileRef = 41DB3A521CF7E547006AD810 /* UIBarButtonItem+Extension.m */; };
		41DB3A5A1CF7F01B006AD810 /* wheelCell.m in Sources */ = {isa = PBXBuildFile; fileRef = 41DB3A571CF7F01B006AD810 /* wheelCell.m */; };
		41DB3A5B1CF7F01B006AD810 /* WheelImageView.m in Sources */ = {isa = PBXBuildFile; fileRef = 41DB3A591CF7F01B006AD810 /* WheelImageView.m */; };
		41DB3A6C1CF82832006AD810 /* RushCell.m in Sources */ = {isa = PBXBuildFile; fileRef = 41DB3A6B1CF82832006AD810 /* RushCell.m */; };
		41DB3A741CF82C7E006AD810 /* banner7.jpg in Resources */ = {isa = PBXBuildFile; fileRef = 41DB3A6D1CF82C7E006AD810 /* banner7.jpg */; };
		41DB3A751CF82C7E006AD810 /* banner6.jpg in Resources */ = {isa = PBXBuildFile; fileRef = 41DB3A6E1CF82C7E006AD810 /* banner6.jpg */; };
		41DB3A761CF82C7E006AD810 /* banner5.jpg in Resources */ = {isa = PBXBuildFile; fileRef = 41DB3A6F1CF82C7E006AD810 /* banner5.jpg */; };
		41DB3A771CF82C7E006AD810 /* banner4.jpg in Resources */ = {isa = PBXBuildFile; fileRef = 41DB3A701CF82C7E006AD810 /* banner4.jpg */; };
		41DB3A781CF82C7E006AD810 /* banner3.jpg in Resources */ = {isa = PBXBuildFile; fileRef = 41DB3A711CF82C7E006AD810 /* banner3.jpg */; };
		41DB3A791CF82C7E006AD810 /* banner2.jpg in Resources */ = {isa = PBXBuildFile; fileRef = 41DB3A721CF82C7E006AD810 /* banner2.jpg */; };
		41DB3A7A1CF82C7E006AD810 /* banner1.jpg in Resources */ = {isa = PBXBuildFile; fileRef = 41DB3A731CF82C7E006AD810 /* banner1.jpg */; };
		41DB3A7F1CF83016006AD810 /* RushDealsModel.m in Sources */ = {isa = PBXBuildFile; fileRef = 41DB3A7E1CF83016006AD810 /* RushDealsModel.m */; };
		41DB3AC31CF84980006AD810 /* BargainPriceCell.m in Sources */ = {isa = PBXBuildFile; fileRef = 41DB3AC21CF84980006AD810 /* BargainPriceCell.m */; };
		9E1606D18D5FFA5CEF600F32 /* libPods-LoveFlyHome.a in Frameworks */ = {isa = PBXBuildFile; fileRef = 0DC193A19F04F6E568EF86DA /* libPods-LoveFlyHome.a */; };
/* End PBXBuildFile section */

/* Begin PBXContainerItemProxy section */
		41BB4F4B1CF6A34B00BD6A97 /* PBXContainerItemProxy */ = {
			isa = PBXContainerItemProxy;
			containerPortal = 41BB4F291CF6A34B00BD6A97 /* Project object */;
			proxyType = 1;
			remoteGlobalIDString = 41BB4F301CF6A34B00BD6A97;
			remoteInfo = LoveFlyHome;
		};
		41BB4F561CF6A34B00BD6A97 /* PBXContainerItemProxy */ = {
			isa = PBXContainerItemProxy;
			containerPortal = 41BB4F291CF6A34B00BD6A97 /* Project object */;
			proxyType = 1;
			remoteGlobalIDString = 41BB4F301CF6A34B00BD6A97;
			remoteInfo = LoveFlyHome;
		};
/* End PBXContainerItemProxy section */

/* Begin PBXFileReference section */
		0DC193A19F04F6E568EF86DA /* libPods-LoveFlyHome.a */ = {isa = PBXFileReference; explicitFileType = archive.ar; includeInIndex = 0; path = "libPods-LoveFlyHome.a"; sourceTree = BUILT_PRODUCTS_DIR; };
		2F5C691FC2576FB1FDA10F15 /* Pods-LoveFlyHome.release.xcconfig */ = {isa = PBXFileReference; includeInIndex = 1; lastKnownFileType = text.xcconfig; name = "Pods-LoveFlyHome.release.xcconfig"; path = "Pods/Target Support Files/Pods-LoveFlyHome/Pods-LoveFlyHome.release.xcconfig"; sourceTree = "<group>"; };
		4105B42B1CFD779400A0EB2A /* UIButton+Extension.h */ = {isa = PBXFileReference; fileEncoding = 4; lastKnownFileType = sourcecode.c.h; path = "UIButton+Extension.h"; sourceTree = "<group>"; };
		4105B42C1CFD779400A0EB2A /* UIButton+Extension.m */ = {isa = PBXFileReference; fileEncoding = 4; lastKnownFileType = sourcecode.c.objc; path = "UIButton+Extension.m"; sourceTree = "<group>"; };
		4105B42E1CFD780200A0EB2A /* MasonyUtil.h */ = {isa = PBXFileReference; fileEncoding = 4; lastKnownFileType = sourcecode.c.h; path = MasonyUtil.h; sourceTree = "<group>"; };
		4105B42F1CFD780200A0EB2A /* MasonyUtil.m */ = {isa = PBXFileReference; fileEncoding = 4; lastKnownFileType = sourcecode.c.objc; path = MasonyUtil.m; sourceTree = "<group>"; };
		4105B4341CFD7B1F00A0EB2A /* 图标-22.png */ = {isa = PBXFileReference; lastKnownFileType = image.png; path = "图标-22.png"; sourceTree = "<group>"; };
		4105B4361CFD7B3100A0EB2A /* 图标-23.png */ = {isa = PBXFileReference; lastKnownFileType = image.png; path = "图标-23.png"; sourceTree = "<group>"; };
		4105B4371CFD7B3100A0EB2A /* 图标-24.png */ = {isa = PBXFileReference; lastKnownFileType = image.png; path = "图标-24.png"; sourceTree = "<group>"; };
		4105B4381CFD7B3100A0EB2A /* 图标-25.png */ = {isa = PBXFileReference; lastKnownFileType = image.png; path = "图标-25.png"; sourceTree = "<group>"; };
		4105B4391CFD7B3100A0EB2A /* 图标-28.png */ = {isa = PBXFileReference; lastKnownFileType = image.png; path = "图标-28.png"; sourceTree = "<group>"; };
		4105B43A1CFD7B3100A0EB2A /* 图标-29.png */ = {isa = PBXFileReference; lastKnownFileType = image.png; path = "图标-29.png"; sourceTree = "<group>"; };
		4105B43B1CFD7B3100A0EB2A /* 图标-30.png */ = {isa = PBXFileReference; lastKnownFileType = image.png; path = "图标-30.png"; sourceTree = "<group>"; };
		4105B4421CFD7C4D00A0EB2A /* LFHButton.h */ = {isa = PBXFileReference; fileEncoding = 4; lastKnownFileType = sourcecode.c.h; path = LFHButton.h; sourceTree = "<group>"; };
		4105B4431CFD7C4D00A0EB2A /* LFHButton.m */ = {isa = PBXFileReference; fileEncoding = 4; lastKnownFileType = sourcecode.c.objc; path = LFHButton.m; sourceTree = "<group>"; };
		4105B4451CFD7F7800A0EB2A /* UIImage+Extension.h */ = {isa = PBXFileReference; fileEncoding = 4; lastKnownFileType = sourcecode.c.h; path = "UIImage+Extension.h"; sourceTree = "<group>"; };
		4105B4461CFD7F7800A0EB2A /* UIImage+Extension.m */ = {isa = PBXFileReference; fileEncoding = 4; lastKnownFileType = sourcecode.c.objc; path = "UIImage+Extension.m"; sourceTree = "<group>"; };
		416B3F911CF863F300A65F63 /* LFHPrefixHeader.pch */ = {isa = PBXFileReference; lastKnownFileType = sourcecode.c.h; path = LFHPrefixHeader.pch; sourceTree = "<group>"; };
		41BB4F311CF6A34B00BD6A97 /* LoveFlyHome.app */ = {isa = PBXFileReference; explicitFileType = wrapper.application; includeInIndex = 0; path = LoveFlyHome.app; sourceTree = BUILT_PRODUCTS_DIR; };
		41BB4F351CF6A34B00BD6A97 /* main.m */ = {isa = PBXFileReference; lastKnownFileType = sourcecode.c.objc; path = main.m; sourceTree = "<group>"; };
		41BB4F371CF6A34B00BD6A97 /* AppDelegate.h */ = {isa = PBXFileReference; lastKnownFileType = sourcecode.c.h; name = AppDelegate.h; path = ../AppDelegate.h; sourceTree = "<group>"; };
		41BB4F381CF6A34B00BD6A97 /* AppDelegate.m */ = {isa = PBXFileReference; lastKnownFileType = sourcecode.c.objc; name = AppDelegate.m; path = ../AppDelegate.m; sourceTree = "<group>"; };
		41BB4F3E1CF6A34B00BD6A97 /* Base */ = {isa = PBXFileReference; lastKnownFileType = file.storyboard; name = Base; path = Base.lproj/Main.storyboard; sourceTree = "<group>"; };
		41BB4F401CF6A34B00BD6A97 /* Assets.xcassets */ = {isa = PBXFileReference; lastKnownFileType = folder.assetcatalog; path = Assets.xcassets; sourceTree = "<group>"; };
		41BB4F431CF6A34B00BD6A97 /* Base */ = {isa = PBXFileReference; lastKnownFileType = file.storyboard; name = Base; path = Base.lproj/LaunchScreen.storyboard; sourceTree = "<group>"; };
		41BB4F451CF6A34B00BD6A97 /* Info.plist */ = {isa = PBXFileReference; lastKnownFileType = text.plist.xml; path = Info.plist; sourceTree = "<group>"; };
		41BB4F4A1CF6A34B00BD6A97 /* LoveFlyHomeTests.xctest */ = {isa = PBXFileReference; explicitFileType = wrapper.cfbundle; includeInIndex = 0; path = LoveFlyHomeTests.xctest; sourceTree = BUILT_PRODUCTS_DIR; };
		41BB4F4E1CF6A34B00BD6A97 /* LoveFlyHomeTests.m */ = {isa = PBXFileReference; lastKnownFileType = sourcecode.c.objc; path = LoveFlyHomeTests.m; sourceTree = "<group>"; };
		41BB4F501CF6A34B00BD6A97 /* Info.plist */ = {isa = PBXFileReference; lastKnownFileType = text.plist.xml; path = Info.plist; sourceTree = "<group>"; };
		41BB4F551CF6A34B00BD6A97 /* LoveFlyHomeUITests.xctest */ = {isa = PBXFileReference; explicitFileType = wrapper.cfbundle; includeInIndex = 0; path = LoveFlyHomeUITests.xctest; sourceTree = BUILT_PRODUCTS_DIR; };
		41BB4F591CF6A34B00BD6A97 /* LoveFlyHomeUITests.m */ = {isa = PBXFileReference; lastKnownFileType = sourcecode.c.objc; path = LoveFlyHomeUITests.m; sourceTree = "<group>"; };
		41BB4F5B1CF6A34B00BD6A97 /* Info.plist */ = {isa = PBXFileReference; lastKnownFileType = text.plist.xml; path = Info.plist; sourceTree = "<group>"; };
		41C4DFD11CFD2C4700ABDDE0 /* FLTabBarController.h */ = {isa = PBXFileReference; fileEncoding = 4; lastKnownFileType = sourcecode.c.h; path = FLTabBarController.h; sourceTree = "<group>"; };
		41C4DFD21CFD2C4700ABDDE0 /* FLTabBarController.m */ = {isa = PBXFileReference; fileEncoding = 4; lastKnownFileType = sourcecode.c.objc; path = FLTabBarController.m; sourceTree = "<group>"; };
		41C4DFD31CFD2C4700ABDDE0 /* BaseViewController.h */ = {isa = PBXFileReference; fileEncoding = 4; lastKnownFileType = sourcecode.c.h; path = BaseViewController.h; sourceTree = "<group>"; };
		41C4DFD41CFD2C4700ABDDE0 /* BaseViewController.m */ = {isa = PBXFileReference; fileEncoding = 4; lastKnownFileType = sourcecode.c.objc; path = BaseViewController.m; sourceTree = "<group>"; };
		41C4DFD51CFD2C4700ABDDE0 /* SelectedViewController.h */ = {isa = PBXFileReference; fileEncoding = 4; lastKnownFileType = sourcecode.c.h; path = SelectedViewController.h; sourceTree = "<group>"; };
		41C4DFD61CFD2C4700ABDDE0 /* SelectedViewController.m */ = {isa = PBXFileReference; fileEncoding = 4; lastKnownFileType = sourcecode.c.objc; path = SelectedViewController.m; sourceTree = "<group>"; };
		41C4DFD71CFD2C4700ABDDE0 /* FLNavigationController.h */ = {isa = PBXFileReference; fileEncoding = 4; lastKnownFileType = sourcecode.c.h; path = FLNavigationController.h; sourceTree = "<group>"; };
		41C4DFD81CFD2C4700ABDDE0 /* FLNavigationController.m */ = {isa = PBXFileReference; fileEncoding = 4; lastKnownFileType = sourcecode.c.objc; path = FLNavigationController.m; sourceTree = "<group>"; };
		41C4DFDD1CFD2C6500ABDDE0 /* FLHomeSearchBar.h */ = {isa = PBXFileReference; fileEncoding = 4; lastKnownFileType = sourcecode.c.h; path = FLHomeSearchBar.h; sourceTree = "<group>"; };
		41C4DFDE1CFD2C6500ABDDE0 /* FLHomeSearchBar.m */ = {isa = PBXFileReference; fileEncoding = 4; lastKnownFileType = sourcecode.c.objc; path = FLHomeSearchBar.m; sourceTree = "<group>"; };
		41C4DFE01CFD2C8700ABDDE0 /* FLCartViewController.h */ = {isa = PBXFileReference; fileEncoding = 4; lastKnownFileType = sourcecode.c.h; path = FLCartViewController.h; sourceTree = "<group>"; };
		41C4DFE11CFD2C8700ABDDE0 /* FLCartViewController.m */ = {isa = PBXFileReference; fileEncoding = 4; lastKnownFileType = sourcecode.c.objc; path = FLCartViewController.m; sourceTree = "<group>"; };
		41C4DFE31CFD2C9800ABDDE0 /* FLHomeViewController.h */ = {isa = PBXFileReference; fileEncoding = 4; lastKnownFileType = sourcecode.c.h; path = FLHomeViewController.h; sourceTree = "<group>"; };
		41C4DFE41CFD2C9800ABDDE0 /* FLHomeViewController.m */ = {isa = PBXFileReference; fileEncoding = 4; lastKnownFileType = sourcecode.c.objc; path = FLHomeViewController.m; sourceTree = "<group>"; };
		41C4DFE61CFD2CB100ABDDE0 /* FLMineCenterViewController.h */ = {isa = PBXFileReference; fileEncoding = 4; lastKnownFileType = sourcecode.c.h; path = FLMineCenterViewController.h; sourceTree = "<group>"; };
		41C4DFE71CFD2CB100ABDDE0 /* FLMineCenterViewController.m */ = {isa = PBXFileReference; fileEncoding = 4; lastKnownFileType = sourcecode.c.objc; path = FLMineCenterViewController.m; sourceTree = "<group>"; };
		41C4DFF41CFD58A300ABDDE0 /* LFHRushFoodCell.h */ = {isa = PBXFileReference; fileEncoding = 4; lastKnownFileType = sourcecode.c.h; path = LFHRushFoodCell.h; sourceTree = "<group>"; };
		41C4DFF51CFD58A300ABDDE0 /* LFHRushFoodCell.m */ = {isa = PBXFileReference; fileEncoding = 4; lastKnownFileType = sourcecode.c.objc; path = LFHRushFoodCell.m; sourceTree = "<group>"; };
		41C4DFF61CFD58A300ABDDE0 /* LFHRushFoodCell.xib */ = {isa = PBXFileReference; fileEncoding = 4; lastKnownFileType = file.xib; path = LFHRushFoodCell.xib; sourceTree = "<group>"; };
		41C4DFF91CFD599300ABDDE0 /* maodou.png */ = {isa = PBXFileReference; lastKnownFileType = image.png; path = maodou.png; sourceTree = "<group>"; };
		41C4DFFA1CFD599300ABDDE0 /* shengnvguo.png */ = {isa = PBXFileReference; lastKnownFileType = image.png; path = shengnvguo.png; sourceTree = "<group>"; };
		41C4DFFD1CFD63B800ABDDE0 /* LFHRippleButton.h */ = {isa = PBXFileReference; fileEncoding = 4; lastKnownFileType = sourcecode.c.h; path = LFHRippleButton.h; sourceTree = "<group>"; };
		41C4DFFE1CFD63B800ABDDE0 /* LFHRippleButton.m */ = {isa = PBXFileReference; fileEncoding = 4; lastKnownFileType = sourcecode.c.objc; path = LFHRippleButton.m; sourceTree = "<group>"; };
		41D655081CF6E9DF00B1D268 /* 日福莱-02.jpg */ = {isa = PBXFileReference; lastKnownFileType = image.jpeg; name = "日福莱-02.jpg"; path = "../日福莱-02.jpg"; sourceTree = "<group>"; };
		41D655241CF6F12B00B1D268 /* FLHClassifyPageCtrl.h */ = {isa = PBXFileReference; fileEncoding = 4; lastKnownFileType = sourcecode.c.h; path = FLHClassifyPageCtrl.h; sourceTree = "<group>"; };
		41D655251CF6F12B00B1D268 /* FLHClassifyPageCtrl.m */ = {isa = PBXFileReference; fileEncoding = 4; lastKnownFileType = sourcecode.c.objc; path = FLHClassifyPageCtrl.m; sourceTree = "<group>"; };
		41DB3A521CF7E547006AD810 /* UIBarButtonItem+Extension.m */ = {isa = PBXFileReference; fileEncoding = 4; lastKnownFileType = sourcecode.c.objc; path = "UIBarButtonItem+Extension.m"; sourceTree = "<group>"; };
		41DB3A531CF7E547006AD810 /* UIBarButtonItem+Extension.h */ = {isa = PBXFileReference; fileEncoding = 4; lastKnownFileType = sourcecode.c.h; path = "UIBarButtonItem+Extension.h"; sourceTree = "<group>"; };
		41DB3A561CF7F01B006AD810 /* wheelCell.h */ = {isa = PBXFileReference; fileEncoding = 4; lastKnownFileType = sourcecode.c.h; path = wheelCell.h; sourceTree = "<group>"; };
		41DB3A571CF7F01B006AD810 /* wheelCell.m */ = {isa = PBXFileReference; fileEncoding = 4; lastKnownFileType = sourcecode.c.objc; path = wheelCell.m; sourceTree = "<group>"; };
		41DB3A581CF7F01B006AD810 /* WheelImageView.h */ = {isa = PBXFileReference; fileEncoding = 4; lastKnownFileType = sourcecode.c.h; path = WheelImageView.h; sourceTree = "<group>"; };
		41DB3A591CF7F01B006AD810 /* WheelImageView.m */ = {isa = PBXFileReference; fileEncoding = 4; lastKnownFileType = sourcecode.c.objc; path = WheelImageView.m; sourceTree = "<group>"; };
		41DB3A681CF824DB006AD810 /* Public.h */ = {isa = PBXFileReference; fileEncoding = 4; lastKnownFileType = sourcecode.c.h; path = Public.h; sourceTree = "<group>"; };
		41DB3A691CF824DB006AD810 /* Constant.h */ = {isa = PBXFileReference; fileEncoding = 4; lastKnownFileType = sourcecode.c.h; path = Constant.h; sourceTree = "<group>"; };
		41DB3A6A1CF82832006AD810 /* RushCell.h */ = {isa = PBXFileReference; fileEncoding = 4; lastKnownFileType = sourcecode.c.h; path = RushCell.h; sourceTree = "<group>"; };
		41DB3A6B1CF82832006AD810 /* RushCell.m */ = {isa = PBXFileReference; fileEncoding = 4; lastKnownFileType = sourcecode.c.objc; path = RushCell.m; sourceTree = "<group>"; };
		41DB3A6D1CF82C7E006AD810 /* banner7.jpg */ = {isa = PBXFileReference; lastKnownFileType = image.jpeg; name = banner7.jpg; path = ../banner7.jpg; sourceTree = "<group>"; };
		41DB3A6E1CF82C7E006AD810 /* banner6.jpg */ = {isa = PBXFileReference; lastKnownFileType = image.jpeg; name = banner6.jpg; path = ../banner6.jpg; sourceTree = "<group>"; };
		41DB3A6F1CF82C7E006AD810 /* banner5.jpg */ = {isa = PBXFileReference; lastKnownFileType = image.jpeg; name = banner5.jpg; path = ../banner5.jpg; sourceTree = "<group>"; };
		41DB3A701CF82C7E006AD810 /* banner4.jpg */ = {isa = PBXFileReference; lastKnownFileType = image.jpeg; name = banner4.jpg; path = ../banner4.jpg; sourceTree = "<group>"; };
		41DB3A711CF82C7E006AD810 /* banner3.jpg */ = {isa = PBXFileReference; lastKnownFileType = image.jpeg; name = banner3.jpg; path = ../banner3.jpg; sourceTree = "<group>"; };
		41DB3A721CF82C7E006AD810 /* banner2.jpg */ = {isa = PBXFileReference; lastKnownFileType = image.jpeg; name = banner2.jpg; path = ../banner2.jpg; sourceTree = "<group>"; };
		41DB3A731CF82C7E006AD810 /* banner1.jpg */ = {isa = PBXFileReference; lastKnownFileType = image.jpeg; name = banner1.jpg; path = ../banner1.jpg; sourceTree = "<group>"; };
		41DB3A7D1CF83016006AD810 /* RushDealsModel.h */ = {isa = PBXFileReference; fileEncoding = 4; lastKnownFileType = sourcecode.c.h; path = RushDealsModel.h; sourceTree = "<group>"; };
		41DB3A7E1CF83016006AD810 /* RushDealsModel.m */ = {isa = PBXFileReference; fileEncoding = 4; lastKnownFileType = sourcecode.c.objc; path = RushDealsModel.m; sourceTree = "<group>"; };
		41DB3AC11CF84980006AD810 /* BargainPriceCell.h */ = {isa = PBXFileReference; fileEncoding = 4; lastKnownFileType = sourcecode.c.h; path = BargainPriceCell.h; sourceTree = "<group>"; };
		41DB3AC21CF84980006AD810 /* BargainPriceCell.m */ = {isa = PBXFileReference; fileEncoding = 4; lastKnownFileType = sourcecode.c.objc; path = BargainPriceCell.m; sourceTree = "<group>"; };
		57C9841A787E1431DB4AF802 /* Pods-LoveFlyHome.debug.xcconfig */ = {isa = PBXFileReference; includeInIndex = 1; lastKnownFileType = text.xcconfig; name = "Pods-LoveFlyHome.debug.xcconfig"; path = "Pods/Target Support Files/Pods-LoveFlyHome/Pods-LoveFlyHome.debug.xcconfig"; sourceTree = "<group>"; };
/* End PBXFileReference section */

/* Begin PBXFrameworksBuildPhase section */
		41BB4F2E1CF6A34B00BD6A97 /* Frameworks */ = {
			isa = PBXFrameworksBuildPhase;
			buildActionMask = 2147483647;
			files = (
				9E1606D18D5FFA5CEF600F32 /* libPods-LoveFlyHome.a in Frameworks */,
			);
			runOnlyForDeploymentPostprocessing = 0;
		};
		41BB4F471CF6A34B00BD6A97 /* Frameworks */ = {
			isa = PBXFrameworksBuildPhase;
			buildActionMask = 2147483647;
			files = (
			);
			runOnlyForDeploymentPostprocessing = 0;
		};
		41BB4F521CF6A34B00BD6A97 /* Frameworks */ = {
			isa = PBXFrameworksBuildPhase;
			buildActionMask = 2147483647;
			files = (
			);
			runOnlyForDeploymentPostprocessing = 0;
		};
/* End PBXFrameworksBuildPhase section */

/* Begin PBXGroup section */
		24523E11E6A11252E1624F42 /* Frameworks */ = {
			isa = PBXGroup;
			children = (
				0DC193A19F04F6E568EF86DA /* libPods-LoveFlyHome.a */,
			);
			name = Frameworks;
			sourceTree = "<group>";
		};
		416B3F921CF868E600A65F63 /* NetWork */ = {
			isa = PBXGroup;
			children = (
			);
			path = NetWork;
			sourceTree = "<group>";
		};
		41BB4F281CF6A34B00BD6A97 = {
			isa = PBXGroup;
			children = (
				41BB4F331CF6A34B00BD6A97 /* LoveFlyHome */,
				41BB4F4D1CF6A34B00BD6A97 /* LoveFlyHomeTests */,
				41BB4F581CF6A34B00BD6A97 /* LoveFlyHomeUITests */,
				41BB4F321CF6A34B00BD6A97 /* Products */,
				B2C4C952B909F1354DAC7100 /* Pods */,
				24523E11E6A11252E1624F42 /* Frameworks */,
			);
			sourceTree = "<group>";
		};
		41BB4F321CF6A34B00BD6A97 /* Products */ = {
			isa = PBXGroup;
			children = (
				41BB4F311CF6A34B00BD6A97 /* LoveFlyHome.app */,
				41BB4F4A1CF6A34B00BD6A97 /* LoveFlyHomeTests.xctest */,
				41BB4F551CF6A34B00BD6A97 /* LoveFlyHomeUITests.xctest */,
			);
			name = Products;
			sourceTree = "<group>";
		};
		41BB4F331CF6A34B00BD6A97 /* LoveFlyHome */ = {
			isa = PBXGroup;
			children = (
				416B3F921CF868E600A65F63 /* NetWork */,
				41BB4F741CF6A5EF00BD6A97 /* Delegate */,
				41D654F21CF6E79D00B1D268 /* Category */,
				41BB4F881CF6DF2600BD6A97 /* Main */,
				41D6550D1CF6EFCE00B1D268 /* Classify */,
				41D6550E1CF6EFCE00B1D268 /* HomePage */,
				41D6550F1CF6EFCE00B1D268 /* Mine */,
				41D655101CF6EFCE00B1D268 /* ShopCar */,
				41BB4F3D1CF6A34B00BD6A97 /* Main.storyboard */,
				41BB4F401CF6A34B00BD6A97 /* Assets.xcassets */,
				41DB3A7B1CF82C94006AD810 /* Datas */,
				41BB4F421CF6A34B00BD6A97 /* LaunchScreen.storyboard */,
				416B3F911CF863F300A65F63 /* LFHPrefixHeader.pch */,
				41BB4F451CF6A34B00BD6A97 /* Info.plist */,
				41BB4F341CF6A34B00BD6A97 /* Supporting Files */,
			);
			path = LoveFlyHome;
			sourceTree = "<group>";
		};
		41BB4F341CF6A34B00BD6A97 /* Supporting Files */ = {
			isa = PBXGroup;
			children = (
				41BB4F351CF6A34B00BD6A97 /* main.m */,
			);
			name = "Supporting Files";
			sourceTree = "<group>";
		};
		41BB4F4D1CF6A34B00BD6A97 /* LoveFlyHomeTests */ = {
			isa = PBXGroup;
			children = (
				41BB4F4E1CF6A34B00BD6A97 /* LoveFlyHomeTests.m */,
				41BB4F501CF6A34B00BD6A97 /* Info.plist */,
			);
			path = LoveFlyHomeTests;
			sourceTree = "<group>";
		};
		41BB4F581CF6A34B00BD6A97 /* LoveFlyHomeUITests */ = {
			isa = PBXGroup;
			children = (
				41BB4F591CF6A34B00BD6A97 /* LoveFlyHomeUITests.m */,
				41BB4F5B1CF6A34B00BD6A97 /* Info.plist */,
			);
			path = LoveFlyHomeUITests;
			sourceTree = "<group>";
		};
		41BB4F741CF6A5EF00BD6A97 /* Delegate */ = {
			isa = PBXGroup;
			children = (
				41BB4F371CF6A34B00BD6A97 /* AppDelegate.h */,
				41BB4F381CF6A34B00BD6A97 /* AppDelegate.m */,
			);
			path = Delegate;
			sourceTree = "<group>";
		};
		41BB4F761CF6A5EF00BD6A97 /* PublicClass */ = {
			isa = PBXGroup;
			children = (
				41DB3A681CF824DB006AD810 /* Public.h */,
				41DB3A691CF824DB006AD810 /* Constant.h */,
			);
			name = PublicClass;
			path = ../PublicClass;
			sourceTree = "<group>";
		};
		41BB4F881CF6DF2600BD6A97 /* Main */ = {
			isa = PBXGroup;
			children = (
				41BB4F891CF6DF4100BD6A97 /* Controller */,
				41BB4F8A1CF6DF4100BD6A97 /* Model */,
				41BB4F8B1CF6DF4100BD6A97 /* View */,
			);
			path = Main;
			sourceTree = "<group>";
		};
		41BB4F891CF6DF4100BD6A97 /* Controller */ = {
			isa = PBXGroup;
			children = (
				41C4DFD11CFD2C4700ABDDE0 /* FLTabBarController.h */,
				41C4DFD21CFD2C4700ABDDE0 /* FLTabBarController.m */,
				41C4DFD31CFD2C4700ABDDE0 /* BaseViewController.h */,
				41C4DFD41CFD2C4700ABDDE0 /* BaseViewController.m */,
				41C4DFD51CFD2C4700ABDDE0 /* SelectedViewController.h */,
				41C4DFD61CFD2C4700ABDDE0 /* SelectedViewController.m */,
				41C4DFD71CFD2C4700ABDDE0 /* FLNavigationController.h */,
				41C4DFD81CFD2C4700ABDDE0 /* FLNavigationController.m */,
			);
			path = Controller;
			sourceTree = "<group>";
		};
		41BB4F8A1CF6DF4100BD6A97 /* Model */ = {
			isa = PBXGroup;
			children = (
			);
			path = Model;
			sourceTree = "<group>";
		};
		41BB4F8B1CF6DF4100BD6A97 /* View */ = {
			isa = PBXGroup;
			children = (
				41C4DFDD1CFD2C6500ABDDE0 /* FLHomeSearchBar.h */,
				41C4DFDE1CFD2C6500ABDDE0 /* FLHomeSearchBar.m */,
			);
			path = View;
			sourceTree = "<group>";
		};
		41D654F21CF6E79D00B1D268 /* Category */ = {
			isa = PBXGroup;
			children = (
				41BB4F761CF6A5EF00BD6A97 /* PublicClass */,
				41D655441CF72CD300B1D268 /* Utils */,
				41D654F31CF6E7B500B1D268 /* Framework */,
			);
			path = Category;
			sourceTree = "<group>";
		};
		41D654F31CF6E7B500B1D268 /* Framework */ = {
			isa = PBXGroup;
			children = (
				4105B4451CFD7F7800A0EB2A /* UIImage+Extension.h */,
				4105B4461CFD7F7800A0EB2A /* UIImage+Extension.m */,
				4105B42B1CFD779400A0EB2A /* UIButton+Extension.h */,
				4105B42C1CFD779400A0EB2A /* UIButton+Extension.m */,
				41DB3A521CF7E547006AD810 /* UIBarButtonItem+Extension.m */,
				41DB3A531CF7E547006AD810 /* UIBarButtonItem+Extension.h */,
			);
			path = Framework;
			sourceTree = "<group>";
		};
		41D6550D1CF6EFCE00B1D268 /* Classify */ = {
			isa = PBXGroup;
			children = (
				41D655151CF6F02600B1D268 /* Controller */,
				41D655161CF6F02600B1D268 /* Model */,
				41D655171CF6F02600B1D268 /* View */,
			);
			path = Classify;
			sourceTree = "<group>";
		};
		41D6550E1CF6EFCE00B1D268 /* HomePage */ = {
			isa = PBXGroup;
			children = (
				41D655121CF6F00300B1D268 /* Controller */,
				41D655131CF6F00300B1D268 /* Model */,
				41D655141CF6F00300B1D268 /* View */,
			);
			path = HomePage;
			sourceTree = "<group>";
		};
		41D6550F1CF6EFCE00B1D268 /* Mine */ = {
			isa = PBXGroup;
			children = (
				41D655181CF6F04100B1D268 /* Controller */,
				41D655191CF6F04100B1D268 /* Model */,
				41D6551A1CF6F04100B1D268 /* View */,
			);
			path = Mine;
			sourceTree = "<group>";
		};
		41D655101CF6EFCE00B1D268 /* ShopCar */ = {
			isa = PBXGroup;
			children = (
				41D6551B1CF6F06000B1D268 /* Controller */,
				41D6551C1CF6F06000B1D268 /* Model */,
				41D6551D1CF6F06000B1D268 /* View */,
			);
			path = ShopCar;
			sourceTree = "<group>";
		};
		41D655121CF6F00300B1D268 /* Controller */ = {
			isa = PBXGroup;
			children = (
				41C4DFE31CFD2C9800ABDDE0 /* FLHomeViewController.h */,
				41C4DFE41CFD2C9800ABDDE0 /* FLHomeViewController.m */,
			);
			path = Controller;
			sourceTree = "<group>";
		};
		41D655131CF6F00300B1D268 /* Model */ = {
			isa = PBXGroup;
			children = (
				41DB3A7D1CF83016006AD810 /* RushDealsModel.h */,
				41DB3A7E1CF83016006AD810 /* RushDealsModel.m */,
			);
			path = Model;
			sourceTree = "<group>";
		};
		41D655141CF6F00300B1D268 /* View */ = {
			isa = PBXGroup;
			children = (
				41DB3A551CF7F011006AD810 /* cell */,
			);
			path = View;
			sourceTree = "<group>";
		};
		41D655151CF6F02600B1D268 /* Controller */ = {
			isa = PBXGroup;
			children = (
				41D655241CF6F12B00B1D268 /* FLHClassifyPageCtrl.h */,
				41D655251CF6F12B00B1D268 /* FLHClassifyPageCtrl.m */,
			);
			path = Controller;
			sourceTree = "<group>";
		};
		41D655161CF6F02600B1D268 /* Model */ = {
			isa = PBXGroup;
			children = (
			);
			path = Model;
			sourceTree = "<group>";
		};
		41D655171CF6F02600B1D268 /* View */ = {
			isa = PBXGroup;
			children = (
			);
			path = View;
			sourceTree = "<group>";
		};
		41D655181CF6F04100B1D268 /* Controller */ = {
			isa = PBXGroup;
			children = (
				41C4DFE61CFD2CB100ABDDE0 /* FLMineCenterViewController.h */,
				41C4DFE71CFD2CB100ABDDE0 /* FLMineCenterViewController.m */,
			);
			path = Controller;
			sourceTree = "<group>";
		};
		41D655191CF6F04100B1D268 /* Model */ = {
			isa = PBXGroup;
			children = (
			);
			path = Model;
			sourceTree = "<group>";
		};
		41D6551A1CF6F04100B1D268 /* View */ = {
			isa = PBXGroup;
			children = (
				41C4DFFD1CFD63B800ABDDE0 /* LFHRippleButton.h */,
				41C4DFFE1CFD63B800ABDDE0 /* LFHRippleButton.m */,
				4105B4421CFD7C4D00A0EB2A /* LFHButton.h */,
				4105B4431CFD7C4D00A0EB2A /* LFHButton.m */,
			);
			path = View;
			sourceTree = "<group>";
		};
		41D6551B1CF6F06000B1D268 /* Controller */ = {
			isa = PBXGroup;
			children = (
				41C4DFE01CFD2C8700ABDDE0 /* FLCartViewController.h */,
				41C4DFE11CFD2C8700ABDDE0 /* FLCartViewController.m */,
			);
			path = Controller;
			sourceTree = "<group>";
		};
		41D6551C1CF6F06000B1D268 /* Model */ = {
			isa = PBXGroup;
			children = (
			);
			path = Model;
			sourceTree = "<group>";
		};
		41D6551D1CF6F06000B1D268 /* View */ = {
			isa = PBXGroup;
			children = (
			);
			path = View;
			sourceTree = "<group>";
		};
		41D655441CF72CD300B1D268 /* Utils */ = {
			isa = PBXGroup;
			children = (
				4105B42E1CFD780200A0EB2A /* MasonyUtil.h */,
				4105B42F1CFD780200A0EB2A /* MasonyUtil.m */,
			);
			path = Utils;
			sourceTree = "<group>";
		};
		41DB3A551CF7F011006AD810 /* cell */ = {
			isa = PBXGroup;
			children = (
				41DB3A561CF7F01B006AD810 /* wheelCell.h */,
				41DB3A571CF7F01B006AD810 /* wheelCell.m */,
				41DB3A581CF7F01B006AD810 /* WheelImageView.h */,
				41DB3A591CF7F01B006AD810 /* WheelImageView.m */,
				41DB3A6A1CF82832006AD810 /* RushCell.h */,
				41DB3A6B1CF82832006AD810 /* RushCell.m */,
				41DB3AC11CF84980006AD810 /* BargainPriceCell.h */,
				41DB3AC21CF84980006AD810 /* BargainPriceCell.m */,
				41C4DFF41CFD58A300ABDDE0 /* LFHRushFoodCell.h */,
				41C4DFF51CFD58A300ABDDE0 /* LFHRushFoodCell.m */,
				41C4DFF61CFD58A300ABDDE0 /* LFHRushFoodCell.xib */,
			);
			path = cell;
			sourceTree = "<group>";
		};
		41DB3A7B1CF82C94006AD810 /* Datas */ = {
			isa = PBXGroup;
			children = (
				4105B4361CFD7B3100A0EB2A /* 图标-23.png */,
				4105B4371CFD7B3100A0EB2A /* 图标-24.png */,
				4105B4381CFD7B3100A0EB2A /* 图标-25.png */,
				4105B4391CFD7B3100A0EB2A /* 图标-28.png */,
				4105B43A1CFD7B3100A0EB2A /* 图标-29.png */,
				4105B43B1CFD7B3100A0EB2A /* 图标-30.png */,
				4105B4341CFD7B1F00A0EB2A /* 图标-22.png */,
				41C4DFF91CFD599300ABDDE0 /* maodou.png */,
				41C4DFFA1CFD599300ABDDE0 /* shengnvguo.png */,
				41D655081CF6E9DF00B1D268 /* 日福莱-02.jpg */,
				41DB3A6D1CF82C7E006AD810 /* banner7.jpg */,
				41DB3A6E1CF82C7E006AD810 /* banner6.jpg */,
				41DB3A6F1CF82C7E006AD810 /* banner5.jpg */,
				41DB3A701CF82C7E006AD810 /* banner4.jpg */,
				41DB3A711CF82C7E006AD810 /* banner3.jpg */,
				41DB3A721CF82C7E006AD810 /* banner2.jpg */,
				41DB3A731CF82C7E006AD810 /* banner1.jpg */,
			);
			path = Datas;
			sourceTree = "<group>";
		};
		B2C4C952B909F1354DAC7100 /* Pods */ = {
			isa = PBXGroup;
			children = (
				57C9841A787E1431DB4AF802 /* Pods-LoveFlyHome.debug.xcconfig */,
				2F5C691FC2576FB1FDA10F15 /* Pods-LoveFlyHome.release.xcconfig */,
			);
			name = Pods;
			sourceTree = "<group>";
		};
/* End PBXGroup section */

/* Begin PBXNativeTarget section */
		41BB4F301CF6A34B00BD6A97 /* LoveFlyHome */ = {
			isa = PBXNativeTarget;
			buildConfigurationList = 41BB4F5E1CF6A34B00BD6A97 /* Build configuration list for PBXNativeTarget "LoveFlyHome" */;
			buildPhases = (
				A922BB7490A53070C9B4EDCA /* 📦 Check Pods Manifest.lock */,
				41BB4F2D1CF6A34B00BD6A97 /* Sources */,
				41BB4F2E1CF6A34B00BD6A97 /* Frameworks */,
				41BB4F2F1CF6A34B00BD6A97 /* Resources */,
				9C40418A91871164138C0114 /* 📦 Embed Pods Frameworks */,
				C817B181AE42D15308FF920C /* 📦 Copy Pods Resources */,
			);
			buildRules = (
			);
			dependencies = (
			);
			name = LoveFlyHome;
			productName = LoveFlyHome;
			productReference = 41BB4F311CF6A34B00BD6A97 /* LoveFlyHome.app */;
			productType = "com.apple.product-type.application";
		};
		41BB4F491CF6A34B00BD6A97 /* LoveFlyHomeTests */ = {
			isa = PBXNativeTarget;
			buildConfigurationList = 41BB4F611CF6A34B00BD6A97 /* Build configuration list for PBXNativeTarget "LoveFlyHomeTests" */;
			buildPhases = (
				41BB4F461CF6A34B00BD6A97 /* Sources */,
				41BB4F471CF6A34B00BD6A97 /* Frameworks */,
				41BB4F481CF6A34B00BD6A97 /* Resources */,
			);
			buildRules = (
			);
			dependencies = (
				41BB4F4C1CF6A34B00BD6A97 /* PBXTargetDependency */,
			);
			name = LoveFlyHomeTests;
			productName = LoveFlyHomeTests;
			productReference = 41BB4F4A1CF6A34B00BD6A97 /* LoveFlyHomeTests.xctest */;
			productType = "com.apple.product-type.bundle.unit-test";
		};
		41BB4F541CF6A34B00BD6A97 /* LoveFlyHomeUITests */ = {
			isa = PBXNativeTarget;
			buildConfigurationList = 41BB4F641CF6A34B00BD6A97 /* Build configuration list for PBXNativeTarget "LoveFlyHomeUITests" */;
			buildPhases = (
				41BB4F511CF6A34B00BD6A97 /* Sources */,
				41BB4F521CF6A34B00BD6A97 /* Frameworks */,
				41BB4F531CF6A34B00BD6A97 /* Resources */,
			);
			buildRules = (
			);
			dependencies = (
				41BB4F571CF6A34B00BD6A97 /* PBXTargetDependency */,
			);
			name = LoveFlyHomeUITests;
			productName = LoveFlyHomeUITests;
			productReference = 41BB4F551CF6A34B00BD6A97 /* LoveFlyHomeUITests.xctest */;
			productType = "com.apple.product-type.bundle.ui-testing";
		};
/* End PBXNativeTarget section */

/* Begin PBXProject section */
		41BB4F291CF6A34B00BD6A97 /* Project object */ = {
			isa = PBXProject;
			attributes = {
				LastUpgradeCheck = 0730;
				ORGANIZATIONNAME = Lefeng;
				TargetAttributes = {
					41BB4F301CF6A34B00BD6A97 = {
						CreatedOnToolsVersion = 7.3.1;
						DevelopmentTeam = R36RFR5274;
					};
					41BB4F491CF6A34B00BD6A97 = {
						CreatedOnToolsVersion = 7.3.1;
						TestTargetID = 41BB4F301CF6A34B00BD6A97;
					};
					41BB4F541CF6A34B00BD6A97 = {
						CreatedOnToolsVersion = 7.3.1;
						TestTargetID = 41BB4F301CF6A34B00BD6A97;
					};
				};
			};
			buildConfigurationList = 41BB4F2C1CF6A34B00BD6A97 /* Build configuration list for PBXProject "LoveFlyHome" */;
			compatibilityVersion = "Xcode 3.2";
			developmentRegion = English;
			hasScannedForEncodings = 0;
			knownRegions = (
				en,
				Base,
			);
			mainGroup = 41BB4F281CF6A34B00BD6A97;
			productRefGroup = 41BB4F321CF6A34B00BD6A97 /* Products */;
			projectDirPath = "";
			projectRoot = "";
			targets = (
				41BB4F301CF6A34B00BD6A97 /* LoveFlyHome */,
				41BB4F491CF6A34B00BD6A97 /* LoveFlyHomeTests */,
				41BB4F541CF6A34B00BD6A97 /* LoveFlyHomeUITests */,
			);
		};
/* End PBXProject section */

/* Begin PBXResourcesBuildPhase section */
		41BB4F2F1CF6A34B00BD6A97 /* Resources */ = {
			isa = PBXResourcesBuildPhase;
			buildActionMask = 2147483647;
			files = (
				41DB3A791CF82C7E006AD810 /* banner2.jpg in Resources */,
				41DB3A761CF82C7E006AD810 /* banner5.jpg in Resources */,
				4105B4411CFD7B3100A0EB2A /* 图标-30.png in Resources */,
				41DB3A741CF82C7E006AD810 /* banner7.jpg in Resources */,
				4105B43C1CFD7B3100A0EB2A /* 图标-23.png in Resources */,
				41C4DFFC1CFD599300ABDDE0 /* shengnvguo.png in Resources */,
				41DB3A7A1CF82C7E006AD810 /* banner1.jpg in Resources */,
				4105B43D1CFD7B3100A0EB2A /* 图标-24.png in Resources */,
				41BB4F441CF6A34B00BD6A97 /* LaunchScreen.storyboard in Resources */,
				41D655091CF6E9DF00B1D268 /* 日福莱-02.jpg in Resources */,
				4105B4401CFD7B3100A0EB2A /* 图标-29.png in Resources */,
				41DB3A781CF82C7E006AD810 /* banner3.jpg in Resources */,
				4105B4351CFD7B1F00A0EB2A /* 图标-22.png in Resources */,
				4105B43F1CFD7B3100A0EB2A /* 图标-28.png in Resources */,
				41DB3A771CF82C7E006AD810 /* banner4.jpg in Resources */,
				41BB4F411CF6A34B00BD6A97 /* Assets.xcassets in Resources */,
				41C4DFF81CFD58A300ABDDE0 /* LFHRushFoodCell.xib in Resources */,
				41DB3A751CF82C7E006AD810 /* banner6.jpg in Resources */,
				41C4DFFB1CFD599300ABDDE0 /* maodou.png in Resources */,
				41BB4F3F1CF6A34B00BD6A97 /* Main.storyboard in Resources */,
				4105B43E1CFD7B3100A0EB2A /* 图标-25.png in Resources */,
			);
			runOnlyForDeploymentPostprocessing = 0;
		};
		41BB4F481CF6A34B00BD6A97 /* Resources */ = {
			isa = PBXResourcesBuildPhase;
			buildActionMask = 2147483647;
			files = (
			);
			runOnlyForDeploymentPostprocessing = 0;
		};
		41BB4F531CF6A34B00BD6A97 /* Resources */ = {
			isa = PBXResourcesBuildPhase;
			buildActionMask = 2147483647;
			files = (
			);
			runOnlyForDeploymentPostprocessing = 0;
		};
/* End PBXResourcesBuildPhase section */

/* Begin PBXShellScriptBuildPhase section */
		9C40418A91871164138C0114 /* 📦 Embed Pods Frameworks */ = {
			isa = PBXShellScriptBuildPhase;
			buildActionMask = 2147483647;
			files = (
			);
			inputPaths = (
			);
			name = "📦 Embed Pods Frameworks";
			outputPaths = (
			);
			runOnlyForDeploymentPostprocessing = 0;
			shellPath = /bin/sh;
			shellScript = "\"${SRCROOT}/Pods/Target Support Files/Pods-LoveFlyHome/Pods-LoveFlyHome-frameworks.sh\"\n";
			showEnvVarsInLog = 0;
		};
		A922BB7490A53070C9B4EDCA /* 📦 Check Pods Manifest.lock */ = {
			isa = PBXShellScriptBuildPhase;
			buildActionMask = 2147483647;
			files = (
			);
			inputPaths = (
			);
			name = "📦 Check Pods Manifest.lock";
			outputPaths = (
			);
			runOnlyForDeploymentPostprocessing = 0;
			shellPath = /bin/sh;
			shellScript = "diff \"${PODS_ROOT}/../Podfile.lock\" \"${PODS_ROOT}/Manifest.lock\" > /dev/null\nif [[ $? != 0 ]] ; then\n    cat << EOM\nerror: The sandbox is not in sync with the Podfile.lock. Run 'pod install' or update your CocoaPods installation.\nEOM\n    exit 1\nfi\n";
			showEnvVarsInLog = 0;
		};
		C817B181AE42D15308FF920C /* 📦 Copy Pods Resources */ = {
			isa = PBXShellScriptBuildPhase;
			buildActionMask = 2147483647;
			files = (
			);
			inputPaths = (
			);
			name = "📦 Copy Pods Resources";
			outputPaths = (
			);
			runOnlyForDeploymentPostprocessing = 0;
			shellPath = /bin/sh;
			shellScript = "\"${SRCROOT}/Pods/Target Support Files/Pods-LoveFlyHome/Pods-LoveFlyHome-resources.sh\"\n";
			showEnvVarsInLog = 0;
		};
/* End PBXShellScriptBuildPhase section */

/* Begin PBXSourcesBuildPhase section */
		41BB4F2D1CF6A34B00BD6A97 /* Sources */ = {
			isa = PBXSourcesBuildPhase;
			buildActionMask = 2147483647;
			files = (
				41C4DFF71CFD58A300ABDDE0 /* LFHRushFoodCell.m in Sources */,
				41C4DFDA1CFD2C4700ABDDE0 /* BaseViewController.m in Sources */,
				41D655261CF6F12B00B1D268 /* FLHClassifyPageCtrl.m in Sources */,
				41BB4F391CF6A34B00BD6A97 /* AppDelegate.m in Sources */,
				41C4DFD91CFD2C4700ABDDE0 /* FLTabBarController.m in Sources */,
				4105B42D1CFD779400A0EB2A /* UIButton+Extension.m in Sources */,
				41DB3A541CF7E547006AD810 /* UIBarButtonItem+Extension.m in Sources */,
				41C4DFFF1CFD63B800ABDDE0 /* LFHRippleButton.m in Sources */,
				41DB3A7F1CF83016006AD810 /* RushDealsModel.m in Sources */,
				41DB3AC31CF84980006AD810 /* BargainPriceCell.m in Sources */,
				41C4DFDF1CFD2C6500ABDDE0 /* FLHomeSearchBar.m in Sources */,
				41C4DFDB1CFD2C4700ABDDE0 /* SelectedViewController.m in Sources */,
				4105B4301CFD780200A0EB2A /* MasonyUtil.m in Sources */,
				41C4DFE91CFD2CB100ABDDE0 /* FLMineCenterViewController.m in Sources */,
				41DB3A5A1CF7F01B006AD810 /* wheelCell.m in Sources */,
				4105B4471CFD7F7800A0EB2A /* UIImage+Extension.m in Sources */,
				41DB3A5B1CF7F01B006AD810 /* WheelImageView.m in Sources */,
				4105B4441CFD7C4D00A0EB2A /* LFHButton.m in Sources */,
				41C4DFDC1CFD2C4700ABDDE0 /* FLNavigationController.m in Sources */,
				41BB4F361CF6A34B00BD6A97 /* main.m in Sources */,
				41C4DFE51CFD2C9800ABDDE0 /* FLHomeViewController.m in Sources */,
				41DB3A6C1CF82832006AD810 /* RushCell.m in Sources */,
				41C4DFE21CFD2C8700ABDDE0 /* FLCartViewController.m in Sources */,
			);
			runOnlyForDeploymentPostprocessing = 0;
		};
		41BB4F461CF6A34B00BD6A97 /* Sources */ = {
			isa = PBXSourcesBuildPhase;
			buildActionMask = 2147483647;
			files = (
				41BB4F4F1CF6A34B00BD6A97 /* LoveFlyHomeTests.m in Sources */,
			);
			runOnlyForDeploymentPostprocessing = 0;
		};
		41BB4F511CF6A34B00BD6A97 /* Sources */ = {
			isa = PBXSourcesBuildPhase;
			buildActionMask = 2147483647;
			files = (
				41BB4F5A1CF6A34B00BD6A97 /* LoveFlyHomeUITests.m in Sources */,
			);
			runOnlyForDeploymentPostprocessing = 0;
		};
/* End PBXSourcesBuildPhase section */

/* Begin PBXTargetDependency section */
		41BB4F4C1CF6A34B00BD6A97 /* PBXTargetDependency */ = {
			isa = PBXTargetDependency;
			target = 41BB4F301CF6A34B00BD6A97 /* LoveFlyHome */;
			targetProxy = 41BB4F4B1CF6A34B00BD6A97 /* PBXContainerItemProxy */;
		};
		41BB4F571CF6A34B00BD6A97 /* PBXTargetDependency */ = {
			isa = PBXTargetDependency;
			target = 41BB4F301CF6A34B00BD6A97 /* LoveFlyHome */;
			targetProxy = 41BB4F561CF6A34B00BD6A97 /* PBXContainerItemProxy */;
		};
/* End PBXTargetDependency section */

/* Begin PBXVariantGroup section */
		41BB4F3D1CF6A34B00BD6A97 /* Main.storyboard */ = {
			isa = PBXVariantGroup;
			children = (
				41BB4F3E1CF6A34B00BD6A97 /* Base */,
			);
			name = Main.storyboard;
			sourceTree = "<group>";
		};
		41BB4F421CF6A34B00BD6A97 /* LaunchScreen.storyboard */ = {
			isa = PBXVariantGroup;
			children = (
				41BB4F431CF6A34B00BD6A97 /* Base */,
			);
			name = LaunchScreen.storyboard;
			sourceTree = "<group>";
		};
/* End PBXVariantGroup section */

/* Begin XCBuildConfiguration section */
		41BB4F5C1CF6A34B00BD6A97 /* Debug */ = {
			isa = XCBuildConfiguration;
			buildSettings = {
				ALWAYS_SEARCH_USER_PATHS = NO;
				CLANG_ANALYZER_NONNULL = YES;
				CLANG_CXX_LANGUAGE_STANDARD = "gnu++0x";
				CLANG_CXX_LIBRARY = "libc++";
				CLANG_ENABLE_MODULES = YES;
				CLANG_ENABLE_OBJC_ARC = YES;
				CLANG_WARN_BOOL_CONVERSION = YES;
				CLANG_WARN_CONSTANT_CONVERSION = YES;
				CLANG_WARN_DIRECT_OBJC_ISA_USAGE = YES_ERROR;
				CLANG_WARN_EMPTY_BODY = YES;
				CLANG_WARN_ENUM_CONVERSION = YES;
				CLANG_WARN_INT_CONVERSION = YES;
				CLANG_WARN_OBJC_ROOT_CLASS = YES_ERROR;
				CLANG_WARN_UNREACHABLE_CODE = YES;
				CLANG_WARN__DUPLICATE_METHOD_MATCH = YES;
				"CODE_SIGN_IDENTITY[sdk=iphoneos*]" = "iPhone Developer";
				COPY_PHASE_STRIP = NO;
				DEBUG_INFORMATION_FORMAT = dwarf;
				ENABLE_STRICT_OBJC_MSGSEND = YES;
				ENABLE_TESTABILITY = YES;
				GCC_C_LANGUAGE_STANDARD = gnu99;
				GCC_DYNAMIC_NO_PIC = NO;
				GCC_NO_COMMON_BLOCKS = YES;
				GCC_OPTIMIZATION_LEVEL = 0;
				GCC_PREPROCESSOR_DEFINITIONS = (
					"DEBUG=1",
					"$(inherited)",
				);
				GCC_WARN_64_TO_32_BIT_CONVERSION = YES;
				GCC_WARN_ABOUT_RETURN_TYPE = YES_ERROR;
				GCC_WARN_UNDECLARED_SELECTOR = YES;
				GCC_WARN_UNINITIALIZED_AUTOS = YES_AGGRESSIVE;
				GCC_WARN_UNUSED_FUNCTION = YES;
				GCC_WARN_UNUSED_VARIABLE = YES;
				IPHONEOS_DEPLOYMENT_TARGET = 9.3;
				MTL_ENABLE_DEBUG_INFO = YES;
				ONLY_ACTIVE_ARCH = YES;
				SDKROOT = iphoneos;
				TARGETED_DEVICE_FAMILY = "1,2";
			};
			name = Debug;
		};
		41BB4F5D1CF6A34B00BD6A97 /* Release */ = {
			isa = XCBuildConfiguration;
			buildSettings = {
				ALWAYS_SEARCH_USER_PATHS = NO;
				CLANG_ANALYZER_NONNULL = YES;
				CLANG_CXX_LANGUAGE_STANDARD = "gnu++0x";
				CLANG_CXX_LIBRARY = "libc++";
				CLANG_ENABLE_MODULES = YES;
				CLANG_ENABLE_OBJC_ARC = YES;
				CLANG_WARN_BOOL_CONVERSION = YES;
				CLANG_WARN_CONSTANT_CONVERSION = YES;
				CLANG_WARN_DIRECT_OBJC_ISA_USAGE = YES_ERROR;
				CLANG_WARN_EMPTY_BODY = YES;
				CLANG_WARN_ENUM_CONVERSION = YES;
				CLANG_WARN_INT_CONVERSION = YES;
				CLANG_WARN_OBJC_ROOT_CLASS = YES_ERROR;
				CLANG_WARN_UNREACHABLE_CODE = YES;
				CLANG_WARN__DUPLICATE_METHOD_MATCH = YES;
				"CODE_SIGN_IDENTITY[sdk=iphoneos*]" = "iPhone Developer";
				COPY_PHASE_STRIP = NO;
				DEBUG_INFORMATION_FORMAT = "dwarf-with-dsym";
				ENABLE_NS_ASSERTIONS = NO;
				ENABLE_STRICT_OBJC_MSGSEND = YES;
				GCC_C_LANGUAGE_STANDARD = gnu99;
				GCC_NO_COMMON_BLOCKS = YES;
				GCC_WARN_64_TO_32_BIT_CONVERSION = YES;
				GCC_WARN_ABOUT_RETURN_TYPE = YES_ERROR;
				GCC_WARN_UNDECLARED_SELECTOR = YES;
				GCC_WARN_UNINITIALIZED_AUTOS = YES_AGGRESSIVE;
				GCC_WARN_UNUSED_FUNCTION = YES;
				GCC_WARN_UNUSED_VARIABLE = YES;
				IPHONEOS_DEPLOYMENT_TARGET = 9.3;
				MTL_ENABLE_DEBUG_INFO = NO;
				SDKROOT = iphoneos;
				TARGETED_DEVICE_FAMILY = "1,2";
				VALIDATE_PRODUCT = YES;
			};
			name = Release;
		};
		41BB4F5F1CF6A34B00BD6A97 /* Debug */ = {
			isa = XCBuildConfiguration;
			baseConfigurationReference = 57C9841A787E1431DB4AF802 /* Pods-LoveFlyHome.debug.xcconfig */;
			buildSettings = {
				ASSETCATALOG_COMPILER_APPICON_NAME = AppIcon;
				CODE_SIGN_IDENTITY = "iPhone Developer";
				"CODE_SIGN_IDENTITY[sdk=iphoneos*]" = "iPhone Developer";
				INFOPLIST_FILE = LoveFlyHome/Info.plist;
				IPHONEOS_DEPLOYMENT_TARGET = 8.0;
				LD_RUNPATH_SEARCH_PATHS = "$(inherited) @executable_path/Frameworks";
				PRODUCT_BUNDLE_IDENTIFIER = wangxi.LoveFlyHome;
				PRODUCT_NAME = "$(TARGET_NAME)";
				PROVISIONING_PROFILE = "";
				TARGETED_DEVICE_FAMILY = 1;
			};
			name = Debug;
		};
		41BB4F601CF6A34B00BD6A97 /* Release */ = {
			isa = XCBuildConfiguration;
			baseConfigurationReference = 2F5C691FC2576FB1FDA10F15 /* Pods-LoveFlyHome.release.xcconfig */;
			buildSettings = {
				ASSETCATALOG_COMPILER_APPICON_NAME = AppIcon;
				CODE_SIGN_IDENTITY = "iPhone Developer";
				"CODE_SIGN_IDENTITY[sdk=iphoneos*]" = "iPhone Developer";
				INFOPLIST_FILE = LoveFlyHome/Info.plist;
				IPHONEOS_DEPLOYMENT_TARGET = 8.0;
				LD_RUNPATH_SEARCH_PATHS = "$(inherited) @executable_path/Frameworks";
				PRODUCT_BUNDLE_IDENTIFIER = wangxi.LoveFlyHome;
				PRODUCT_NAME = "$(TARGET_NAME)";
				PROVISIONING_PROFILE = "";
				TARGETED_DEVICE_FAMILY = 1;
			};
			name = Release;
		};
		41BB4F621CF6A34B00BD6A97 /* Debug */ = {
			isa = XCBuildConfiguration;
			buildSettings = {
				BUNDLE_LOADER = "$(TEST_HOST)";
				INFOPLIST_FILE = LoveFlyHomeTests/Info.plist;
				LD_RUNPATH_SEARCH_PATHS = "$(inherited) @executable_path/Frameworks @loader_path/Frameworks";
				PRODUCT_BUNDLE_IDENTIFIER = wangxi.LoveFlyHomeTests;
				PRODUCT_NAME = "$(TARGET_NAME)";
				TEST_HOST = "$(BUILT_PRODUCTS_DIR)/LoveFlyHome.app/LoveFlyHome";
			};
			name = Debug;
		};
		41BB4F631CF6A34B00BD6A97 /* Release */ = {
			isa = XCBuildConfiguration;
			buildSettings = {
				BUNDLE_LOADER = "$(TEST_HOST)";
				INFOPLIST_FILE = LoveFlyHomeTests/Info.plist;
				LD_RUNPATH_SEARCH_PATHS = "$(inherited) @executable_path/Frameworks @loader_path/Frameworks";
				PRODUCT_BUNDLE_IDENTIFIER = wangxi.LoveFlyHomeTests;
				PRODUCT_NAME = "$(TARGET_NAME)";
				TEST_HOST = "$(BUILT_PRODUCTS_DIR)/LoveFlyHome.app/LoveFlyHome";
			};
			name = Release;
		};
		41BB4F651CF6A34B00BD6A97 /* Debug */ = {
			isa = XCBuildConfiguration;
			buildSettings = {
				INFOPLIST_FILE = LoveFlyHomeUITests/Info.plist;
				LD_RUNPATH_SEARCH_PATHS = "$(inherited) @executable_path/Frameworks @loader_path/Frameworks";
				PRODUCT_BUNDLE_IDENTIFIER = wangxi.LoveFlyHomeUITests;
				PRODUCT_NAME = "$(TARGET_NAME)";
				TEST_TARGET_NAME = LoveFlyHome;
			};
			name = Debug;
		};
		41BB4F661CF6A34B00BD6A97 /* Release */ = {
			isa = XCBuildConfiguration;
			buildSettings = {
				INFOPLIST_FILE = LoveFlyHomeUITests/Info.plist;
				LD_RUNPATH_SEARCH_PATHS = "$(inherited) @executable_path/Frameworks @loader_path/Frameworks";
				PRODUCT_BUNDLE_IDENTIFIER = wangxi.LoveFlyHomeUITests;
				PRODUCT_NAME = "$(TARGET_NAME)";
				TEST_TARGET_NAME = LoveFlyHome;
			};
			name = Release;
		};
/* End XCBuildConfiguration section */

/* Begin XCConfigurationList section */
		41BB4F2C1CF6A34B00BD6A97 /* Build configuration list for PBXProject "LoveFlyHome" */ = {
			isa = XCConfigurationList;
			buildConfigurations = (
				41BB4F5C1CF6A34B00BD6A97 /* Debug */,
				41BB4F5D1CF6A34B00BD6A97 /* Release */,
			);
			defaultConfigurationIsVisible = 0;
			defaultConfigurationName = Release;
		};
		41BB4F5E1CF6A34B00BD6A97 /* Build configuration list for PBXNativeTarget "LoveFlyHome" */ = {
			isa = XCConfigurationList;
			buildConfigurations = (
				41BB4F5F1CF6A34B00BD6A97 /* Debug */,
				41BB4F601CF6A34B00BD6A97 /* Release */,
			);
			defaultConfigurationIsVisible = 0;
			defaultConfigurationName = Release;
		};
		41BB4F611CF6A34B00BD6A97 /* Build configuration list for PBXNativeTarget "LoveFlyHomeTests" */ = {
			isa = XCConfigurationList;
			buildConfigurations = (
				41BB4F621CF6A34B00BD6A97 /* Debug */,
				41BB4F631CF6A34B00BD6A97 /* Release */,
			);
			defaultConfigurationIsVisible = 0;
			defaultConfigurationName = Release;
		};
		41BB4F641CF6A34B00BD6A97 /* Build configuration list for PBXNativeTarget "LoveFlyHomeUITests" */ = {
			isa = XCConfigurationList;
			buildConfigurations = (
				41BB4F651CF6A34B00BD6A97 /* Debug */,
				41BB4F661CF6A34B00BD6A97 /* Release */,
			);
			defaultConfigurationIsVisible = 0;
			defaultConfigurationName = Release;
		};
/* End XCConfigurationList section */
	};
	rootObject = 41BB4F291CF6A34B00BD6A97 /* Project object */;
}
